
Microsoft Visual Studio Solution File, Format Version 12.00
# Visual Studio Version 16
VisualStudioVersion = 16.0.30011.22
MinimumVisualStudioVersion = 10.0.40219.1
Project("{FAE04EC0-301F-11D3-BF4B-00C04F79EFBC}") = "Portal.API", "Portal.API\Portal.API.csproj", "{8F4D6EEA-B049-4B9F-B621-D726A47CD150}"
EndProject
Project("{FAE04EC0-301F-11D3-BF4B-00C04F79EFBC}") = "Portal.Client", "Portal.Client\Portal.Client.csproj", "{C3E129CA-183C-4913-9033-5BE5BC81CAE3}"
EndProject
Global
	GlobalSection(SolutionConfigurationPlatforms) = preSolution
		Debug|Any CPU = Debug|Any CPU
		Release|Any CPU = Release|Any CPU
	EndGlobalSection
	GlobalSection(ProjectConfigurationPlatforms) = postSolution
		{8F4D6EEA-B049-4B9F-B621-D726A47CD150}.Debug|Any CPU.ActiveCfg = Debug|Any CPU
		{8F4D6EEA-B049-4B9F-B621-D726A47CD150}.Debug|Any CPU.Build.0 = Debug|Any CPU
		{8F4D6EEA-B049-4B9F-B621-D726A47CD150}.Release|Any CPU.ActiveCfg = Release|Any CPU
		{8F4D6EEA-B049-4B9F-B621-D726A47CD150}.Release|Any CPU.Build.0 = Release|Any CPU
		{C3E129CA-183C-4913-9033-5BE5BC81CAE3}.Debug|Any CPU.ActiveCfg = Debug|Any CPU
		{C3E129CA-183C-4913-9033-5BE5BC81CAE3}.Debug|Any CPU.Build.0 = Debug|Any CPU
		{C3E129CA-183C-4913-9033-5BE5BC81CAE3}.Release|Any CPU.ActiveCfg = Release|Any CPU
		{C3E129CA-183C-4913-9033-5BE5BC81CAE3}.Release|Any CPU.Build.0 = Release|Any CPU
	EndGlobalSection
	GlobalSection(SolutionProperties) = preSolution
		HideSolutionNode = FALSE
	EndGlobalSection
	GlobalSection(ExtensibilityGlobals) = postSolution
		SolutionGuid = {04A2027F-A297-4E0D-B575-AC551CFCB802}
	EndGlobalSection
EndGlobal
